lockfileVersion: '6.0'

settings:
  autoInstallPeers: true
  excludeLinksFromLockfile: false

dependencies:
  canvas-confetti:
    specifier: 1.9.1
    version: 1.9.1

packages:

  /canvas-confetti@1.9.1:
    resolution: {integrity: sha512-jieDCn9OnPgFu5q+rbOGUmIGOjzgOnecW1/6KH07kAFAMwOczcTc4clde9pdyUPIAd/2wxZ8C5u7mBAcOpGK8Q==}
    dev: false
